// !$*UTF8*$!
{
	archiveVersion = 1;
	classes = {
	};
	objectVersion = 50;
	objects = {

/* Begin PBXBuildFile section */
		03681F1C23D4F1B80018021F /* AppDelegate.swift in Sources */ = {isa = PBXBuildFile; fileRef = 03681F1B23D4F1B80018021F /* AppDelegate.swift */; };
		03681F1E23D4F1B80018021F /* SceneDelegate.swift in Sources */ = {isa = PBXBuildFile; fileRef = 03681F1D23D4F1B80018021F /* SceneDelegate.swift */; };
		03681F2023D4F1B80018021F /* ViewController.swift in Sources */ = {isa = PBXBuildFile; fileRef = 03681F1F23D4F1B80018021F /* ViewController.swift */; };
		03681F2323D4F1B80018021F /* Main.storyboard in Resources */ = {isa = PBXBuildFile; fileRef = 03681F2123D4F1B80018021F /* Main.storyboard */; };
		03681F2623D4F1B80018021F /* BurnAfterReading.xcdatamodeld in Sources */ = {isa = PBXBuildFile; fileRef = 03681F2423D4F1B80018021F /* BurnAfterReading.xcdatamodeld */; };
		03681F2823D4F1C10018021F /* Assets.xcassets in Resources */ = {isa = PBXBuildFile; fileRef = 03681F2723D4F1C10018021F /* Assets.xcassets */; };
		03681F2B23D4F1C10018021F /* LaunchScreen.storyboard in Resources */ = {isa = PBXBuildFile; fileRef = 03681F2923D4F1C10018021F /* LaunchScreen.storyboard */; };
/* End PBXBuildFile section */

/* Begin PBXFileReference section */
		03681F1823D4F1B80018021F /* BurnAfterReading.app */ = {isa = PBXFileReference; explicitFileType = wrapper.application; includeInIndex = 0; path = BurnAfterReading.app; sourceTree = BUILT_PRODUCTS_DIR; };
		03681F1B23D4F1B80018021F /* AppDelegate.swift */ = {isa = PBXFileReference; lastKnownFileType = sourcecode.swift; path = AppDelegate.swift; sourceTree = "<group>"; };
		03681F1D23D4F1B80018021F /* SceneDelegate.swift */ = {isa = PBXFileReference; lastKnownFileType = sourcecode.swift; path = SceneDelegate.swift; sourceTree = "<group>"; };
		03681F1F23D4F1B80018021F /* ViewController.swift */ = {isa = PBXFileReference; lastKnownFileType = sourcecode.swift; path = ViewController.swift; sourceTree = "<group>"; };
		03681F2223D4F1B80018021F /* Base */ = {isa = PBXFileReference; lastKnownFileType = file.storyboard; name = Base; path = Base.lproj/Main.storyboard; sourceTree = "<group>"; };
		03681F2523D4F1B80018021F /* BurnAfterReading.xcdatamodel */ = {isa = PBXFileReference; lastKnownFileType = wrapper.xcdatamodel; path = BurnAfterReading.xcdatamodel; sourceTree = "<group>"; };
		03681F2723D4F1C10018021F /* Assets.xcassets */ = {isa = PBXFileReference; lastKnownFileType = folder.assetcatalog; path = Assets.xcassets; sourceTree = "<group>"; };
		03681F2A23D4F1C10018021F /* Base */ = {isa = PBXFileReference; lastKnownFileType = file.storyboard; name = Base; path = Base.lproj/LaunchScreen.storyboard; sourceTree = "<group>"; };
		03681F2C23D4F1C10018021F /* Info.plist */ = {isa = PBXFileReference; lastKnownFileType = text.plist.xml; path = Info.plist; sourceTree = "<group>"; };
/* End PBXFileReference section */

/* Begin PBXFrameworksBuildPhase section */
		03681F1523D4F1B80018021F /* Frameworks */ = {
			isa = PBXFrameworksBuildPhase;
			buildActionMask = 2147483647;
			files = (
			);
			runOnlyForDeploymentPostprocessing = 0;
		};
/* End PBXFrameworksBuildPhase section */

/* Begin PBXGroup section */
		03681F0F23D4F1B80018021F = {
			isa = PBXGroup;
			children = (
				03681F1A23D4F1B80018021F /* BurnAfterReading */,
				03681F1923D4F1B80018021F /* Products */,
			);
			sourceTree = "<group>";
		};
		03681F1923D4F1B80018021F /* Products */ = {
			isa = PBXGroup;
			children = (
				03681F1823D4F1B80018021F /* BurnAfterReading.app */,
			);
			name = Products;
			sourceTree = "<group>";
		};
		03681F1A23D4F1B80018021F /* BurnAfterReading */ = {
			isa = PBXGroup;
			children = (
				03681F1B23D4F1B80018021F /* AppDelegate.swift */,
				03681F1D23D4F1B80018021F /* SceneDelegate.swift */,
				03681F1F23D4F1B80018021F /* ViewController.swift */,
				03681F2123D4F1B80018021F /* Main.storyboard */,
				03681F2723D4F1C10018021F /* Assets.xcassets */,
				03681F2923D4F1C10018021F /* LaunchScreen.storyboard */,
				03681F2C23D4F1C10018021F /* Info.plist */,
				03681F2423D4F1B80018021F /* BurnAfterReading.xcdatamodeld */,
			);
			path = BurnAfterReading;
			sourceTree = "<group>";
		};
/* End PBXGroup section */

/* Begin PBXNativeTarget section */
		03681F1723D4F1B80018021F /* BurnAfterReading */ = {
			isa = PBXNativeTarget;
			buildConfigurationList = 03681F2F23D4F1C10018021F /* Build configuration list for PBXNativeTarget "BurnAfterReading" */;
			buildPhases = (
				03681F1423D4F1B80018021F /* Sources */,
				03681F1523D4F1B80018021F /* Frameworks */,
				03681F1623D4F1B80018021F /* Resources */,
			);
			buildRules = (
			);
			dependencies = (
			);
			name = BurnAfterReading;
			productName = BurnAfterReading;
			productReference = 03681F1823D4F1B80018021F /* BurnAfterReading.app */;
			productType = "com.apple.product-type.application";
		};
/* End PBXNativeTarget section */

/* Begin PBXProject section */
		03681F1023D4F1B80018021F /* Project object */ = {
			isa = PBXProject;
			attributes = {
				LastSwiftUpdateCheck = 1120;
				LastUpgradeCheck = 1120;
				ORGANIZATIONNAME = "Anton Gaev";
				TargetAttributes = {
					03681F1723D4F1B80018021F = {
						CreatedOnToolsVersion = 11.2.1;
					};
				};
			};
			buildConfigurationList = 03681F1323D4F1B80018021F /* Build configuration list for PBXProject "BurnAfterReading" */;
			compatibilityVersion = "Xcode 9.3";
			developmentRegion = en;
			hasScannedForEncodings = 0;
			knownRegions = (
				en,
				Base,
			);
			mainGroup = 03681F0F23D4F1B80018021F;
			productRefGroup = 03681F1923D4F1B80018021F /* Products */;
			projectDirPath = "";
			projectRoot = "";
			targets = (
				03681F1723D4F1B80018021F /* BurnAfterReading */,
			);
		};
/* End PBXProject section */

/* Begin PBXResourcesBuildPhase section */
		03681F1623D4F1B80018021F /* Resources */ = {
			isa = PBXResourcesBuildPhase;
			buildActionMask = 2147483647;
			files = (
				03681F2B23D4F1C10018021F /* LaunchScreen.storyboard in Resources */,
				03681F2823D4F1C10018021F /* Assets.xcassets in Resources */,
				03681F2323D4F1B80018021F /* Main.storyboard in Resources */,
			);
			runOnlyForDeploymentPostprocessing = 0;
		};
/* End PBXResourcesBuildPhase section */

/* Begin PBXSourcesBuildPhase section */
		03681F1423D4F1B80018021F /* Sources */ = {
			isa = PBXSourcesBuildPhase;
			buildActionMask = 2147483647;
			files = (
				03681F2623D4F1B80018021F /* BurnAfterReading.xcdatamodeld in Sources */,
				03681F2023D4F1B80018021F /* ViewController.swift in Sources */,
				03681F1C23D4F1B80018021F /* AppDelegate.swift in Sources */,
				03681F1E23D4F1B80018021F /* SceneDelegate.swift in Sources */,
			);
			runOnlyForDeploymentPostprocessing = 0;
		};
/* End PBXSourcesBuildPhase section */

/* Begin PBXVariantGroup section */
		03681F2123D4F1B80018021F /* Main.storyboard */ = {
			isa = PBXVariantGroup;
			children = (
				03681F2223D4F1B80018021F /* Base */,
			);
			name = Main.storyboard;
			sourceTree = "<group>";
		};
		03681F2923D4F1C10018021F /* LaunchScreen.storyboard */ = {
			isa = PBXVariantGroup;
			children = (
				03681F2A23D4F1C10018021F /* Base */,
			);
			name = LaunchScreen.storyboard;
			sourceTree = "<group>";
		};
/* End PBXVariantGroup section */

/* Begin XCBuildConfiguration section */
		03681F2D23D4F1C10018021F /* Debug */ = {
			isa = XCBuildConfiguration;
			buildSettings = {
				ALWAYS_SEARCH_USER_PATHS = NO;
				CLANG_ANALYZER_NONNULL = YES;
				CLANG_ANALYZER_NUMBER_OBJECT_CONVERSION = YES_AGGRESSIVE;
				CLANG_CXX_LANGUAGE_STANDARD = "gnu++14";
				CLANG_CXX_LIBRARY = "libc++";
				CLANG_ENABLE_MODULES = YES;
				CLANG_ENABLE_OBJC_ARC = YES;
				CLANG_ENABLE_OBJC_WEAK = YES;
				CLANG_WARN_BLOCK_CAPTURE_AUTORELEASING = YES;
				CLANG_WARN_BOOL_CONVERSION = YES;
				CLANG_WARN_COMMA = YES;
				CLANG_WARN_CONSTANT_CONVERSION = YES;
				CLANG_WARN_DEPRECATED_OBJC_IMPLEMENTATIONS = YES;
				CLANG_WARN_DIRECT_OBJC_ISA_USAGE = YES_ERROR;
				CLANG_WARN_DOCUMENTATION_COMMENTS = YES;
				CLANG_WARN_EMPTY_BODY = YES;
				CLANG_WARN_ENUM_CONVERSION = YES;
				CLANG_WARN_INFINITE_RECURSION = YES;
				CLANG_WARN_INT_CONVERSION = YES;
				CLANG_WARN_NON_LITERAL_NULL_CONVERSION = YES;
				CLANG_WARN_OBJC_IMPLICIT_RETAIN_SELF = YES;
				CLANG_WARN_OBJC_LITERAL_CONVERSION = YES;
				CLANG_WARN_OBJC_ROOT_CLASS = YES_ERROR;
				CLANG_WARN_RANGE_LOOP_ANALYSIS = YES;
				CLANG_WARN_STRICT_PROTOTYPES = YES;
				CLANG_WARN_SUSPICIOUS_MOVE = YES;
				CLANG_WARN_UNGUARDED_AVAILABILITY = YES_AGGRESSIVE;
				CLANG_WARN_UNREACHABLE_CODE = YES;
				CLANG_WARN__DUPLICATE_METHOD_MATCH = YES;
				COPY_PHASE_STRIP = NO;
				DEBUG_INFORMATION_FORMAT = dwarf;
				ENABLE_STRICT_OBJC_MSGSEND = YES;
				ENABLE_TESTABILITY = YES;
				GCC_C_LANGUAGE_STANDARD = gnu11;
				GCC_DYNAMIC_NO_PIC = NO;
				GCC_NO_COMMON_BLOCKS = YES;
				GCC_OPTIMIZATION_LEVEL = 0;
				GCC_PREPROCESSOR_DEFINITIONS = (
					"DEBUG=1",
					"$(inherited)",
				);
				GCC_WARN_64_TO_32_BIT_CONVERSION = YES;
				GCC_WARN_ABOUT_RETURN_TYPE = YES_ERROR;
				GCC_WARN_UNDECLARED_SELECTOR = YES;
				GCC_WARN_UNINITIALIZED_AUTOS = YES_AGGRESSIVE;
				GCC_WARN_UNUSED_FUNCTION = YES;
				GCC_WARN_UNUSED_VARIABLE = YES;
				IPHONEOS_DEPLOYMENT_TARGET = 13.2;
				MTL_ENABLE_DEBUG_INFO = INCLUDE_SOURCE;
				MTL_FAST_MATH = YES;
				ONLY_ACTIVE_ARCH = YES;
				SDKROOT = iphoneos;
				SWIFT_ACTIVE_COMPILATION_CONDITIONS = DEBUG;
				SWIFT_OPTIMIZATION_LEVEL = "-Onone";
			};
			name = Debug;
		};
		03681F2E23D4F1C10018021F /* Release */ = {
			isa = XCBuildConfiguration;
			buildSettings = {
				ALWAYS_SEARCH_USER_PATHS = NO;
				CLANG_ANALYZER_NONNULL = YES;
				CLANG_ANALYZER_NUMBER_OBJECT_CONVERSION = YES_AGGRESSIVE;
				CLANG_CXX_LANGUAGE_STANDARD = "gnu++14";
				CLANG_CXX_LIBRARY = "libc++";
				CLANG_ENABLE_MODULES = YES;
				CLANG_ENABLE_OBJC_ARC = YES;
				CLANG_ENABLE_OBJC_WEAK = YES;
				CLANG_WARN_BLOCK_CAPTURE_AUTORELEASING = YES;
				CLANG_WARN_BOOL_CONVERSION = YES;
				CLANG_WARN_COMMA = YES;
				CLANG_WARN_CONSTANT_CONVERSION = YES;
				CLANG_WARN_DEPRECATED_OBJC_IMPLEMENTATIONS = YES;
				CLANG_WARN_DIRECT_OBJC_ISA_USAGE = YES_ERROR;
				CLANG_WARN_DOCUMENTATION_COMMENTS = YES;
				CLANG_WARN_EMPTY_BODY = YES;
				CLANG_WARN_ENUM_CONVERSION = YES;
				CLANG_WARN_INFINITE_RECURSION = YES;
				CLANG_WARN_INT_CONVERSION = YES;
				CLANG_WARN_NON_LITERAL_NULL_CONVERSION = YES;
				CLANG_WARN_OBJC_IMPLICIT_RETAIN_SELF = YES;
				CLANG_WARN_OBJC_LITERAL_CONVERSION = YES;
				CLANG_WARN_OBJC_ROOT_CLASS = YES_ERROR;
				CLANG_WARN_RANGE_LOOP_ANALYSIS = YES;
				CLANG_WARN_STRICT_PROTOTYPES = YES;
				CLANG_WARN_SUSPICIOUS_MOVE = YES;
				CLANG_WARN_UNGUARDED_AVAILABILITY = YES_AGGRESSIVE;
				CLANG_WARN_UNREACHABLE_CODE = YES;
				CLANG_WARN__DUPLICATE_METHOD_MATCH = YES;
				COPY_PHASE_STRIP = NO;
				DEBUG_INFORMATION_FORMAT = "dwarf-with-dsym";
				ENABLE_NS_ASSERTIONS = NO;
				ENABLE_STRICT_OBJC_MSGSEND = YES;
				GCC_C_LANGUAGE_STANDARD = gnu11;
				GCC_NO_COMMON_BLOCKS = YES;
				GCC_WARN_64_TO_32_BIT_CONVERSION = YES;
				GCC_WARN_ABOUT_RETURN_TYPE = YES_ERROR;
				GCC_WARN_UNDECLARED_SELECTOR = YES;
				GCC_WARN_UNINITIALIZED_AUTOS = YES_AGGRESSIVE;
				GCC_WARN_UNUSED_FUNCTION = YES;
				GCC_WARN_UNUSED_VARIABLE = YES;
				IPHONEOS_DEPLOYMENT_TARGET = 13.2;
				MTL_ENABLE_DEBUG_INFO = NO;
				MTL_FAST_MATH = YES;
				SDKROOT = iphoneos;
				SWIFT_COMPILATION_MODE = wholemodule;
				SWIFT_OPTIMIZATION_LEVEL = "-O";
				VALIDATE_PRODUCT = YES;
			};
			name = Release;
		};
		03681F3023D4F1C10018021F /* Debug */ = {
			isa = XCBuildConfiguration;
			buildSettings = {
				ASSETCATALOG_COMPILER_APPICON_NAME = AppIcon;
				CODE_SIGN_STYLE = Automatic;
				DEVELOPMENT_TEAM = JQ7YN672HD;
				INFOPLIST_FILE = BurnAfterReading/Info.plist;
				LD_RUNPATH_SEARCH_PATHS = (
					"$(inherited)",
					"@executable_path/Frameworks",
				);
				PRODUCT_BUNDLE_IDENTIFIER = com.example.BurnAfterReading;
				PRODUCT_NAME = "$(TARGET_NAME)";
				SWIFT_VERSION = 5.0;
				TARGETED_DEVICE_FAMILY = "1,2";
			};
			name = Debug;
		};
		03681F3123D4F1C10018021F /* Release */ = {
			isa = XCBuildConfiguration;
			buildSettings = {
				ASSETCATALOG_COMPILER_APPICON_NAME = AppIcon;
				CODE_SIGN_STYLE = Automatic;
				DEVELOPMENT_TEAM = JQ7YN672HD;
				INFOPLIST_FILE = BurnAfterReading/Info.plist;
				LD_RUNPATH_SEARCH_PATHS = (
					"$(inherited)",
					"@executable_path/Frameworks",
				);
				PRODUCT_BUNDLE_IDENTIFIER = com.example.BurnAfterReading;
				PRODUCT_NAME = "$(TARGET_NAME)";
				SWIFT_VERSION = 5.0;
				TARGETED_DEVICE_FAMILY = "1,2";
			};
			name = Release;
		};
/* End XCBuildConfiguration section */

/* Begin XCConfigurationList section */
		03681F1323D4F1B80018021F /* Build configuration list for PBXProject "BurnAfterReading" */ = {
			isa = XCConfigurationList;
			buildConfigurations = (
				03681F2D23D4F1C10018021F /* Debug */,
				03681F2E23D4F1C10018021F /* Release */,
			);
			defaultConfigurationIsVisible = 0;
			defaultConfigurationName = Release;
		};
		03681F2F23D4F1C10018021F /* Build configuration list for PBXNativeTarget "BurnAfterReading" */ = {
			isa = XCConfigurationList;
			buildConfigurations = (
				03681F3023D4F1C10018021F /* Debug */,
				03681F3123D4F1C10018021F /* Release */,
			);
			defaultConfigurationIsVisible = 0;
			defaultConfigurationName = Release;
		};
/* End XCConfigurationList section */

/* Begin XCVersionGroup section */
		03681F2423D4F1B80018021F /* BurnAfterReading.xcdatamodeld */ = {
			isa = XCVersionGroup;
			children = (
				03681F2523D4F1B80018021F /* BurnAfterReading.xcdatamodel */,
			);
			currentVersion = 03681F2523D4F1B80018021F /* BurnAfterReading.xcdatamodel */;
			path = BurnAfterReading.xcdatamodeld;
			sourceTree = "<group>";
			versionGroupType = wrapper.xcdatamodel;
		};
/* End XCVersionGroup section */
	};
	rootObject = 03681F1023D4F1B80018021F /* Project object */;
}
