// !$*UTF8*$!
{
	archiveVersion = 1;
	classes = {
	};
	objectVersion = 50;
	objects = {

/* Begin PBXBuildFile section */
		037C31D123D0915C002B7E75 /* AppDelegate.swift in Sources */ = {isa = PBXBuildFile; fileRef = 037C31D023D0915C002B7E75 /* AppDelegate.swift */; };
		037C31D323D0915C002B7E75 /* SceneDelegate.swift in Sources */ = {isa = PBXBuildFile; fileRef = 037C31D223D0915C002B7E75 /* SceneDelegate.swift */; };
		037C31DA23D09161002B7E75 /* Assets.xcassets in Resources */ = {isa = PBXBuildFile; fileRef = 037C31D923D09161002B7E75 /* Assets.xcassets */; };
		037C31DD23D09161002B7E75 /* LaunchScreen.storyboard in Resources */ = {isa = PBXBuildFile; fileRef = 037C31DB23D09161002B7E75 /* LaunchScreen.storyboard */; };
		037C31E523D0A84C002B7E75 /* GradientView.swift in Sources */ = {isa = PBXBuildFile; fileRef = 037C31E423D0A84C002B7E75 /* GradientView.swift */; };
		037C31ED23D0DDAE002B7E75 /* Main.storyboard in Resources */ = {isa = PBXBuildFile; fileRef = 037C31EC23D0DDAE002B7E75 /* Main.storyboard */; };
		037C31EF23D0E198002B7E75 /* ContactsViewController.swift in Sources */ = {isa = PBXBuildFile; fileRef = 037C31EE23D0E198002B7E75 /* ContactsViewController.swift */; };
/* End PBXBuildFile section */

/* Begin PBXFileReference section */
		037C31CD23D0915C002B7E75 /* car_service_manager.app */ = {isa = PBXFileReference; explicitFileType = wrapper.application; includeInIndex = 0; path = car_service_manager.app; sourceTree = BUILT_PRODUCTS_DIR; };
		037C31D023D0915C002B7E75 /* AppDelegate.swift */ = {isa = PBXFileReference; lastKnownFileType = sourcecode.swift; path = AppDelegate.swift; sourceTree = "<group>"; };
		037C31D223D0915C002B7E75 /* SceneDelegate.swift */ = {isa = PBXFileReference; lastKnownFileType = sourcecode.swift; path = SceneDelegate.swift; sourceTree = "<group>"; };
		037C31D923D09161002B7E75 /* Assets.xcassets */ = {isa = PBXFileReference; lastKnownFileType = folder.assetcatalog; path = Assets.xcassets; sourceTree = "<group>"; };
		037C31DC23D09161002B7E75 /* Base */ = {isa = PBXFileReference; lastKnownFileType = file.storyboard; name = Base; path = Base.lproj/LaunchScreen.storyboard; sourceTree = "<group>"; };
		037C31DE23D09161002B7E75 /* Info.plist */ = {isa = PBXFileReference; lastKnownFileType = text.plist.xml; path = Info.plist; sourceTree = "<group>"; };
		037C31E423D0A84C002B7E75 /* GradientView.swift */ = {isa = PBXFileReference; lastKnownFileType = sourcecode.swift; path = GradientView.swift; sourceTree = "<group>"; };
		037C31EC23D0DDAE002B7E75 /* Main.storyboard */ = {isa = PBXFileReference; lastKnownFileType = file.storyboard; path = Main.storyboard; sourceTree = "<group>"; };
		037C31EE23D0E198002B7E75 /* ContactsViewController.swift */ = {isa = PBXFileReference; lastKnownFileType = sourcecode.swift; path = ContactsViewController.swift; sourceTree = "<group>"; };
/* End PBXFileReference section */

/* Begin PBXFrameworksBuildPhase section */
		037C31CA23D0915C002B7E75 /* Frameworks */ = {
			isa = PBXFrameworksBuildPhase;
			buildActionMask = 2147483647;
			files = (
			);
			runOnlyForDeploymentPostprocessing = 0;
		};
/* End PBXFrameworksBuildPhase section */

/* Begin PBXGroup section */
		037C31C423D0915C002B7E75 = {
			isa = PBXGroup;
			children = (
				037C31CF23D0915C002B7E75 /* car_service_manager */,
				037C31CE23D0915C002B7E75 /* Products */,
			);
			sourceTree = "<group>";
		};
		037C31CE23D0915C002B7E75 /* Products */ = {
			isa = PBXGroup;
			children = (
				037C31CD23D0915C002B7E75 /* car_service_manager.app */,
			);
			name = Products;
			sourceTree = "<group>";
		};
		037C31CF23D0915C002B7E75 /* car_service_manager */ = {
			isa = PBXGroup;
			children = (
				037C31EB23D0DAF6002B7E75 /* Intetface Builder Extensioms */,
				037C31F023D11187002B7E75 /* Models */,
				037C31EA23D0DAA2002B7E75 /* ContactsViewController */,
				037C31D923D09161002B7E75 /* Assets.xcassets */,
				037C31D023D0915C002B7E75 /* AppDelegate.swift */,
				037C31D223D0915C002B7E75 /* SceneDelegate.swift */,
				037C31DB23D09161002B7E75 /* LaunchScreen.storyboard */,
				037C31DE23D09161002B7E75 /* Info.plist */,
			);
			path = car_service_manager;
			sourceTree = "<group>";
		};
		037C31EA23D0DAA2002B7E75 /* ContactsViewController */ = {
			isa = PBXGroup;
			children = (
				037C31EC23D0DDAE002B7E75 /* Main.storyboard */,
				037C31EE23D0E198002B7E75 /* ContactsViewController.swift */,
			);
			path = ContactsViewController;
			sourceTree = "<group>";
		};
		037C31EB23D0DAF6002B7E75 /* Intetface Builder Extensioms */ = {
			isa = PBXGroup;
			children = (
				037C31E423D0A84C002B7E75 /* GradientView.swift */,
			);
			path = "Intetface Builder Extensioms";
			sourceTree = "<group>";
		};
		037C31F023D11187002B7E75 /* Models */ = {
			isa = PBXGroup;
			children = (
				037C31F123D111E7002B7E75 /* Clients */,
			);
			path = Models;
			sourceTree = "<group>";
		};
		037C31F123D111E7002B7E75 /* Clients */ = {
			isa = PBXGroup;
			children = (
			);
			path = Clients;
			sourceTree = "<group>";
		};
/* End PBXGroup section */

/* Begin PBXNativeTarget section */
		037C31CC23D0915C002B7E75 /* car_service_manager */ = {
			isa = PBXNativeTarget;
			buildConfigurationList = 037C31E123D09161002B7E75 /* Build configuration list for PBXNativeTarget "car_service_manager" */;
			buildPhases = (
				037C31C923D0915C002B7E75 /* Sources */,
				037C31CA23D0915C002B7E75 /* Frameworks */,
				037C31CB23D0915C002B7E75 /* Resources */,
			);
			buildRules = (
			);
			dependencies = (
			);
			name = car_service_manager;
			productName = car_service_manager;
			productReference = 037C31CD23D0915C002B7E75 /* car_service_manager.app */;
			productType = "com.apple.product-type.application";
		};
/* End PBXNativeTarget section */

/* Begin PBXProject section */
		037C31C523D0915C002B7E75 /* Project object */ = {
			isa = PBXProject;
			attributes = {
				LastSwiftUpdateCheck = 1120;
				LastUpgradeCheck = 1120;
				ORGANIZATIONNAME = "Anton Gaev";
				TargetAttributes = {
					037C31CC23D0915C002B7E75 = {
						CreatedOnToolsVersion = 11.2.1;
					};
				};
			};
			buildConfigurationList = 037C31C823D0915C002B7E75 /* Build configuration list for PBXProject "car_service_manager" */;
			compatibilityVersion = "Xcode 9.3";
			developmentRegion = en;
			hasScannedForEncodings = 0;
			knownRegions = (
				en,
				Base,
			);
			mainGroup = 037C31C423D0915C002B7E75;
			productRefGroup = 037C31CE23D0915C002B7E75 /* Products */;
			projectDirPath = "";
			projectRoot = "";
			targets = (
				037C31CC23D0915C002B7E75 /* car_service_manager */,
			);
		};
/* End PBXProject section */

/* Begin PBXResourcesBuildPhase section */
		037C31CB23D0915C002B7E75 /* Resources */ = {
			isa = PBXResourcesBuildPhase;
			buildActionMask = 2147483647;
			files = (
				037C31DD23D09161002B7E75 /* LaunchScreen.storyboard in Resources */,
				037C31DA23D09161002B7E75 /* Assets.xcassets in Resources */,
				037C31ED23D0DDAE002B7E75 /* Main.storyboard in Resources */,
			);
			runOnlyForDeploymentPostprocessing = 0;
		};
/* End PBXResourcesBuildPhase section */

/* Begin PBXSourcesBuildPhase section */
		037C31C923D0915C002B7E75 /* Sources */ = {
			isa = PBXSourcesBuildPhase;
			buildActionMask = 2147483647;
			files = (
				037C31D123D0915C002B7E75 /* AppDelegate.swift in Sources */,
				037C31EF23D0E198002B7E75 /* ContactsViewController.swift in Sources */,
				037C31E523D0A84C002B7E75 /* GradientView.swift in Sources */,
				037C31D323D0915C002B7E75 /* SceneDelegate.swift in Sources */,
			);
			runOnlyForDeploymentPostprocessing = 0;
		};
/* End PBXSourcesBuildPhase section */

/* Begin PBXVariantGroup section */
		037C31DB23D09161002B7E75 /* LaunchScreen.storyboard */ = {
			isa = PBXVariantGroup;
			children = (
				037C31DC23D09161002B7E75 /* Base */,
			);
			name = LaunchScreen.storyboard;
			sourceTree = "<group>";
		};
/* End PBXVariantGroup section */

/* Begin XCBuildConfiguration section */
		037C31DF23D09161002B7E75 /* Debug */ = {
			isa = XCBuildConfiguration;
			buildSettings = {
				ALWAYS_SEARCH_USER_PATHS = NO;
				CLANG_ANALYZER_NONNULL = YES;
				CLANG_ANALYZER_NUMBER_OBJECT_CONVERSION = YES_AGGRESSIVE;
				CLANG_CXX_LANGUAGE_STANDARD = "gnu++14";
				CLANG_CXX_LIBRARY = "libc++";
				CLANG_ENABLE_MODULES = YES;
				CLANG_ENABLE_OBJC_ARC = YES;
				CLANG_ENABLE_OBJC_WEAK = YES;
				CLANG_WARN_BLOCK_CAPTURE_AUTORELEASING = YES;
				CLANG_WARN_BOOL_CONVERSION = YES;
				CLANG_WARN_COMMA = YES;
				CLANG_WARN_CONSTANT_CONVERSION = YES;
				CLANG_WARN_DEPRECATED_OBJC_IMPLEMENTATIONS = YES;
				CLANG_WARN_DIRECT_OBJC_ISA_USAGE = YES_ERROR;
				CLANG_WARN_DOCUMENTATION_COMMENTS = YES;
				CLANG_WARN_EMPTY_BODY = YES;
				CLANG_WARN_ENUM_CONVERSION = YES;
				CLANG_WARN_INFINITE_RECURSION = YES;
				CLANG_WARN_INT_CONVERSION = YES;
				CLANG_WARN_NON_LITERAL_NULL_CONVERSION = YES;
				CLANG_WARN_OBJC_IMPLICIT_RETAIN_SELF = YES;
				CLANG_WARN_OBJC_LITERAL_CONVERSION = YES;
				CLANG_WARN_OBJC_ROOT_CLASS = YES_ERROR;
				CLANG_WARN_RANGE_LOOP_ANALYSIS = YES;
				CLANG_WARN_STRICT_PROTOTYPES = YES;
				CLANG_WARN_SUSPICIOUS_MOVE = YES;
				CLANG_WARN_UNGUARDED_AVAILABILITY = YES_AGGRESSIVE;
				CLANG_WARN_UNREACHABLE_CODE = YES;
				CLANG_WARN__DUPLICATE_METHOD_MATCH = YES;
				COPY_PHASE_STRIP = NO;
				DEBUG_INFORMATION_FORMAT = dwarf;
				ENABLE_STRICT_OBJC_MSGSEND = YES;
				ENABLE_TESTABILITY = YES;
				GCC_C_LANGUAGE_STANDARD = gnu11;
				GCC_DYNAMIC_NO_PIC = NO;
				GCC_NO_COMMON_BLOCKS = YES;
				GCC_OPTIMIZATION_LEVEL = 0;
				GCC_PREPROCESSOR_DEFINITIONS = (
					"DEBUG=1",
					"$(inherited)",
				);
				GCC_WARN_64_TO_32_BIT_CONVERSION = YES;
				GCC_WARN_ABOUT_RETURN_TYPE = YES_ERROR;
				GCC_WARN_UNDECLARED_SELECTOR = YES;
				GCC_WARN_UNINITIALIZED_AUTOS = YES_AGGRESSIVE;
				GCC_WARN_UNUSED_FUNCTION = YES;
				GCC_WARN_UNUSED_VARIABLE = YES;
				IPHONEOS_DEPLOYMENT_TARGET = 13.2;
				MTL_ENABLE_DEBUG_INFO = INCLUDE_SOURCE;
				MTL_FAST_MATH = YES;
				ONLY_ACTIVE_ARCH = YES;
				SDKROOT = iphoneos;
				SWIFT_ACTIVE_COMPILATION_CONDITIONS = DEBUG;
				SWIFT_OPTIMIZATION_LEVEL = "-Onone";
			};
			name = Debug;
		};
		037C31E023D09161002B7E75 /* Release */ = {
			isa = XCBuildConfiguration;
			buildSettings = {
				ALWAYS_SEARCH_USER_PATHS = NO;
				CLANG_ANALYZER_NONNULL = YES;
				CLANG_ANALYZER_NUMBER_OBJECT_CONVERSION = YES_AGGRESSIVE;
				CLANG_CXX_LANGUAGE_STANDARD = "gnu++14";
				CLANG_CXX_LIBRARY = "libc++";
				CLANG_ENABLE_MODULES = YES;
				CLANG_ENABLE_OBJC_ARC = YES;
				CLANG_ENABLE_OBJC_WEAK = YES;
				CLANG_WARN_BLOCK_CAPTURE_AUTORELEASING = YES;
				CLANG_WARN_BOOL_CONVERSION = YES;
				CLANG_WARN_COMMA = YES;
				CLANG_WARN_CONSTANT_CONVERSION = YES;
				CLANG_WARN_DEPRECATED_OBJC_IMPLEMENTATIONS = YES;
				CLANG_WARN_DIRECT_OBJC_ISA_USAGE = YES_ERROR;
				CLANG_WARN_DOCUMENTATION_COMMENTS = YES;
				CLANG_WARN_EMPTY_BODY = YES;
				CLANG_WARN_ENUM_CONVERSION = YES;
				CLANG_WARN_INFINITE_RECURSION = YES;
				CLANG_WARN_INT_CONVERSION = YES;
				CLANG_WARN_NON_LITERAL_NULL_CONVERSION = YES;
				CLANG_WARN_OBJC_IMPLICIT_RETAIN_SELF = YES;
				CLANG_WARN_OBJC_LITERAL_CONVERSION = YES;
				CLANG_WARN_OBJC_ROOT_CLASS = YES_ERROR;
				CLANG_WARN_RANGE_LOOP_ANALYSIS = YES;
				CLANG_WARN_STRICT_PROTOTYPES = YES;
				CLANG_WARN_SUSPICIOUS_MOVE = YES;
				CLANG_WARN_UNGUARDED_AVAILABILITY = YES_AGGRESSIVE;
				CLANG_WARN_UNREACHABLE_CODE = YES;
				CLANG_WARN__DUPLICATE_METHOD_MATCH = YES;
				COPY_PHASE_STRIP = NO;
				DEBUG_INFORMATION_FORMAT = "dwarf-with-dsym";
				ENABLE_NS_ASSERTIONS = NO;
				ENABLE_STRICT_OBJC_MSGSEND = YES;
				GCC_C_LANGUAGE_STANDARD = gnu11;
				GCC_NO_COMMON_BLOCKS = YES;
				GCC_WARN_64_TO_32_BIT_CONVERSION = YES;
				GCC_WARN_ABOUT_RETURN_TYPE = YES_ERROR;
				GCC_WARN_UNDECLARED_SELECTOR = YES;
				GCC_WARN_UNINITIALIZED_AUTOS = YES_AGGRESSIVE;
				GCC_WARN_UNUSED_FUNCTION = YES;
				GCC_WARN_UNUSED_VARIABLE = YES;
				IPHONEOS_DEPLOYMENT_TARGET = 13.2;
				MTL_ENABLE_DEBUG_INFO = NO;
				MTL_FAST_MATH = YES;
				SDKROOT = iphoneos;
				SWIFT_COMPILATION_MODE = wholemodule;
				SWIFT_OPTIMIZATION_LEVEL = "-O";
				VALIDATE_PRODUCT = YES;
			};
			name = Release;
		};
		037C31E223D09161002B7E75 /* Debug */ = {
			isa = XCBuildConfiguration;
			buildSettings = {
				ASSETCATALOG_COMPILER_APPICON_NAME = AppIcon;
				CODE_SIGN_STYLE = Automatic;
				DEVELOPMENT_TEAM = JQ7YN672HD;
				INFOPLIST_FILE = car_service_manager/Info.plist;
				LD_RUNPATH_SEARCH_PATHS = (
					"$(inherited)",
					"@executable_path/Frameworks",
				);
				PRODUCT_BUNDLE_IDENTIFIER = "com.example.car-service-manager";
				PRODUCT_NAME = "$(TARGET_NAME)";
				SWIFT_VERSION = 5.0;
				TARGETED_DEVICE_FAMILY = "1,2";
			};
			name = Debug;
		};
		037C31E323D09161002B7E75 /* Release */ = {
			isa = XCBuildConfiguration;
			buildSettings = {
				ASSETCATALOG_COMPILER_APPICON_NAME = AppIcon;
				CODE_SIGN_STYLE = Automatic;
				DEVELOPMENT_TEAM = JQ7YN672HD;
				INFOPLIST_FILE = car_service_manager/Info.plist;
				LD_RUNPATH_SEARCH_PATHS = (
					"$(inherited)",
					"@executable_path/Frameworks",
				);
				PRODUCT_BUNDLE_IDENTIFIER = "com.example.car-service-manager";
				PRODUCT_NAME = "$(TARGET_NAME)";
				SWIFT_VERSION = 5.0;
				TARGETED_DEVICE_FAMILY = "1,2";
			};
			name = Release;
		};
/* End XCBuildConfiguration section */

/* Begin XCConfigurationList section */
		037C31C823D0915C002B7E75 /* Build configuration list for PBXProject "car_service_manager" */ = {
			isa = XCConfigurationList;
			buildConfigurations = (
				037C31DF23D09161002B7E75 /* Debug */,
				037C31E023D09161002B7E75 /* Release */,
			);
			defaultConfigurationIsVisible = 0;
			defaultConfigurationName = Release;
		};
		037C31E123D09161002B7E75 /* Build configuration list for PBXNativeTarget "car_service_manager" */ = {
			isa = XCConfigurationList;
			buildConfigurations = (
				037C31E223D09161002B7E75 /* Debug */,
				037C31E323D09161002B7E75 /* Release */,
			);
			defaultConfigurationIsVisible = 0;
			defaultConfigurationName = Release;
		};
/* End XCConfigurationList section */
	};
	rootObject = 037C31C523D0915C002B7E75 /* Project object */;
}
